{
  "name": "casaautomatica",
  "version": "1.0.0",
  "lockfileVersion": 3,
  "requires": true,
  "packages": {
    "": {
      "name": "casaautomatica",
      "version": "1.0.0",
      "dependencies": {
        "minecraft-framework-css": "^2.0.0"
      }
    },
    "node_modules/minecraft-framework-css": {
      "version": "2.0.0",
      "resolved": "https://registry.npmjs.org/minecraft-framework-css/-/minecraft-framework-css-2.0.0.tgz",
      "integrity": "sha512-tKV98zfEHg6GB9drm6jbyFtcLH1d+jJ1yyBoybdxOL0Yc/04GlOtml7GU5nV5tBGBq5zgIE5irsh8aR483v/uw==",
      "deprecated": "Package no longer supported. Contact Support at https://www.npmjs.com/support for more info.",
      "license": "ISC"
    }
  }
}
